// !$*UTF8*$!
{
	archiveVersion = 1;
	classes = {
	};
	objectVersion = 56;
	objects = {

/* Begin PBXBuildFile section */
		843CD10E2D60F2BC00333807 /* BookingSlotAppApp.swift in Sources */ = {isa = PBXBuildFile; fileRef = 843CD10D2D60F2BC00333807 /* BookingSlotAppApp.swift */; };
		843CD1122D60F2BE00333807 /* Assets.xcassets in Resources */ = {isa = PBXBuildFile; fileRef = 843CD1112D60F2BE00333807 /* Assets.xcassets */; };
		843CD1152D60F2BE00333807 /* Preview Assets.xcassets in Resources */ = {isa = PBXBuildFile; fileRef = 843CD1142D60F2BE00333807 /* Preview Assets.xcassets */; };
		843CD11F2D60F2BE00333807 /* BookingSlotAppTests.swift in Sources */ = {isa = PBXBuildFile; fileRef = 843CD11E2D60F2BE00333807 /* BookingSlotAppTests.swift */; };
		843CD1292D60F2BE00333807 /* BookingSlotAppUITests.swift in Sources */ = {isa = PBXBuildFile; fileRef = 843CD1282D60F2BE00333807 /* BookingSlotAppUITests.swift */; };
		843CD12B2D60F2BE00333807 /* BookingSlotAppUITestsLaunchTests.swift in Sources */ = {isa = PBXBuildFile; fileRef = 843CD12A2D60F2BE00333807 /* BookingSlotAppUITestsLaunchTests.swift */; };
		843CD1382D60F2EF00333807 /* RegisterView.swift in Sources */ = {isa = PBXBuildFile; fileRef = 843CD1372D60F2EF00333807 /* RegisterView.swift */; };
		843CD13A2D60F30700333807 /* LoginView.swift in Sources */ = {isa = PBXBuildFile; fileRef = 843CD1392D60F30700333807 /* LoginView.swift */; };
		843CD1412D60F52C00333807 /* PersistenceController.swift in Sources */ = {isa = PBXBuildFile; fileRef = 843CD1402D60F52C00333807 /* PersistenceController.swift */; };
		843CD1432D60FB3500333807 /* TechTrackSelectionView.swift in Sources */ = {isa = PBXBuildFile; fileRef = 843CD1422D60FB3500333807 /* TechTrackSelectionView.swift */; };
		843CD1452D60FBEC00333807 /* SlotManagementView.swift in Sources */ = {isa = PBXBuildFile; fileRef = 843CD1442D60FBEC00333807 /* SlotManagementView.swift */; };
		843CD1472D60FDAF00333807 /* DashboardView.swift in Sources */ = {isa = PBXBuildFile; fileRef = 843CD1462D60FDAF00333807 /* DashboardView.swift */; };
		843CD14F2D611AF500333807 /* BookingSlotApp.xcdatamodeld in Sources */ = {isa = PBXBuildFile; fileRef = 843CD14D2D611AF500333807 /* BookingSlotApp.xcdatamodeld */; };
/* End PBXBuildFile section */

/* Begin PBXContainerItemProxy section */
		843CD11B2D60F2BE00333807 /* PBXContainerItemProxy */ = {
			isa = PBXContainerItemProxy;
			containerPortal = 843CD1022D60F2BC00333807 /* Project object */;
			proxyType = 1;
			remoteGlobalIDString = 843CD1092D60F2BC00333807;
			remoteInfo = BookingSlotApp;
		};
		843CD1252D60F2BE00333807 /* PBXContainerItemProxy */ = {
			isa = PBXContainerItemProxy;
			containerPortal = 843CD1022D60F2BC00333807 /* Project object */;
			proxyType = 1;
			remoteGlobalIDString = 843CD1092D60F2BC00333807;
			remoteInfo = BookingSlotApp;
		};
/* End PBXContainerItemProxy section */

/* Begin PBXFileReference section */
		843CD10A2D60F2BC00333807 /* BookingSlotApp.app */ = {isa = PBXFileReference; explicitFileType = wrapper.application; includeInIndex = 0; path = BookingSlotApp.app; sourceTree = BUILT_PRODUCTS_DIR; };
		843CD10D2D60F2BC00333807 /* BookingSlotAppApp.swift */ = {isa = PBXFileReference; lastKnownFileType = sourcecode.swift; path = BookingSlotAppApp.swift; sourceTree = "<group>"; };
		843CD1112D60F2BE00333807 /* Assets.xcassets */ = {isa = PBXFileReference; lastKnownFileType = folder.assetcatalog; path = Assets.xcassets; sourceTree = "<group>"; };
		843CD1142D60F2BE00333807 /* Preview Assets.xcassets */ = {isa = PBXFileReference; lastKnownFileType = folder.assetcatalog; path = "Preview Assets.xcassets"; sourceTree = "<group>"; };
		843CD11A2D60F2BE00333807 /* BookingSlotAppTests.xctest */ = {isa = PBXFileReference; explicitFileType = wrapper.cfbundle; includeInIndex = 0; path = BookingSlotAppTests.xctest; sourceTree = BUILT_PRODUCTS_DIR; };
		843CD11E2D60F2BE00333807 /* BookingSlotAppTests.swift */ = {isa = PBXFileReference; lastKnownFileType = sourcecode.swift; path = BookingSlotAppTests.swift; sourceTree = "<group>"; };
		843CD1242D60F2BE00333807 /* BookingSlotAppUITests.xctest */ = {isa = PBXFileReference; explicitFileType = wrapper.cfbundle; includeInIndex = 0; path = BookingSlotAppUITests.xctest; sourceTree = BUILT_PRODUCTS_DIR; };
		843CD1282D60F2BE00333807 /* BookingSlotAppUITests.swift */ = {isa = PBXFileReference; lastKnownFileType = sourcecode.swift; path = BookingSlotAppUITests.swift; sourceTree = "<group>"; };
		843CD12A2D60F2BE00333807 /* BookingSlotAppUITestsLaunchTests.swift */ = {isa = PBXFileReference; lastKnownFileType = sourcecode.swift; path = BookingSlotAppUITestsLaunchTests.swift; sourceTree = "<group>"; };
		843CD1372D60F2EF00333807 /* RegisterView.swift */ = {isa = PBXFileReference; lastKnownFileType = sourcecode.swift; path = RegisterView.swift; sourceTree = "<group>"; };
		843CD1392D60F30700333807 /* LoginView.swift */ = {isa = PBXFileReference; lastKnownFileType = sourcecode.swift; path = LoginView.swift; sourceTree = "<group>"; };
		843CD1402D60F52C00333807 /* PersistenceController.swift */ = {isa = PBXFileReference; lastKnownFileType = sourcecode.swift; path = PersistenceController.swift; sourceTree = "<group>"; };
		843CD1422D60FB3500333807 /* TechTrackSelectionView.swift */ = {isa = PBXFileReference; lastKnownFileType = sourcecode.swift; path = TechTrackSelectionView.swift; sourceTree = "<group>"; };
		843CD1442D60FBEC00333807 /* SlotManagementView.swift */ = {isa = PBXFileReference; lastKnownFileType = sourcecode.swift; path = SlotManagementView.swift; sourceTree = "<group>"; };
		843CD1462D60FDAF00333807 /* DashboardView.swift */ = {isa = PBXFileReference; lastKnownFileType = sourcecode.swift; path = DashboardView.swift; sourceTree = "<group>"; };
		843CD14E2D611AF500333807 /* BookingSlotApp.xcdatamodel */ = {isa = PBXFileReference; lastKnownFileType = wrapper.xcdatamodel; path = BookingSlotApp.xcdatamodel; sourceTree = "<group>"; };
/* End PBXFileReference section */

/* Begin PBXFrameworksBuildPhase section */
		843CD1072D60F2BC00333807 /* Frameworks */ = {
			isa = PBXFrameworksBuildPhase;
			buildActionMask = 2147483647;
			files = (
			);
			runOnlyForDeploymentPostprocessing = 0;
		};
		843CD1172D60F2BE00333807 /* Frameworks */ = {
			isa = PBXFrameworksBuildPhase;
			buildActionMask = 2147483647;
			files = (
			);
			runOnlyForDeploymentPostprocessing = 0;
		};
		843CD1212D60F2BE00333807 /* Frameworks */ = {
			isa = PBXFrameworksBuildPhase;
			buildActionMask = 2147483647;
			files = (
			);
			runOnlyForDeploymentPostprocessing = 0;
		};
/* End PBXFrameworksBuildPhase section */

/* Begin PBXGroup section */
		843CD1012D60F2BC00333807 = {
			isa = PBXGroup;
			children = (
				843CD10C2D60F2BC00333807 /* BookingSlotApp */,
				843CD11D2D60F2BE00333807 /* BookingSlotAppTests */,
				843CD1272D60F2BE00333807 /* BookingSlotAppUITests */,
				843CD10B2D60F2BC00333807 /* Products */,
			);
			sourceTree = "<group>";
		};
		843CD10B2D60F2BC00333807 /* Products */ = {
			isa = PBXGroup;
			children = (
				843CD10A2D60F2BC00333807 /* BookingSlotApp.app */,
				843CD11A2D60F2BE00333807 /* BookingSlotAppTests.xctest */,
				843CD1242D60F2BE00333807 /* BookingSlotAppUITests.xctest */,
			);
			name = Products;
			sourceTree = "<group>";
		};
		843CD10C2D60F2BC00333807 /* BookingSlotApp */ = {
			isa = PBXGroup;
			children = (
				843CD10D2D60F2BC00333807 /* BookingSlotAppApp.swift */,
				843CD14D2D611AF500333807 /* BookingSlotApp.xcdatamodeld */,
				843CD1462D60FDAF00333807 /* DashboardView.swift */,
				843CD1442D60FBEC00333807 /* SlotManagementView.swift */,
				843CD1422D60FB3500333807 /* TechTrackSelectionView.swift */,
				843CD1402D60F52C00333807 /* PersistenceController.swift */,
				843CD1392D60F30700333807 /* LoginView.swift */,
				843CD1372D60F2EF00333807 /* RegisterView.swift */,
				843CD1112D60F2BE00333807 /* Assets.xcassets */,
				843CD1132D60F2BE00333807 /* Preview Content */,
			);
			path = BookingSlotApp;
			sourceTree = "<group>";
		};
		843CD1132D60F2BE00333807 /* Preview Content */ = {
			isa = PBXGroup;
			children = (
				843CD1142D60F2BE00333807 /* Preview Assets.xcassets */,
			);
			path = "Preview Content";
			sourceTree = "<group>";
		};
		843CD11D2D60F2BE00333807 /* BookingSlotAppTests */ = {
			isa = PBXGroup;
			children = (
				843CD11E2D60F2BE00333807 /* BookingSlotAppTests.swift */,
			);
			path = BookingSlotAppTests;
			sourceTree = "<group>";
		};
		843CD1272D60F2BE00333807 /* BookingSlotAppUITests */ = {
			isa = PBXGroup;
			children = (
				843CD1282D60F2BE00333807 /* BookingSlotAppUITests.swift */,
				843CD12A2D60F2BE00333807 /* BookingSlotAppUITestsLaunchTests.swift */,
			);
			path = BookingSlotAppUITests;
			sourceTree = "<group>";
		};
/* End PBXGroup section */

/* Begin PBXNativeTarget section */
		843CD1092D60F2BC00333807 /* BookingSlotApp */ = {
			isa = PBXNativeTarget;
			buildConfigurationList = 843CD12E2D60F2BE00333807 /* Build configuration list for PBXNativeTarget "BookingSlotApp" */;
			buildPhases = (
				843CD1062D60F2BC00333807 /* Sources */,
				843CD1072D60F2BC00333807 /* Frameworks */,
				843CD1082D60F2BC00333807 /* Resources */,
			);
			buildRules = (
			);
			dependencies = (
			);
			name = BookingSlotApp;
			productName = BookingSlotApp;
			productReference = 843CD10A2D60F2BC00333807 /* BookingSlotApp.app */;
			productType = "com.apple.product-type.application";
		};
		843CD1192D60F2BE00333807 /* BookingSlotAppTests */ = {
			isa = PBXNativeTarget;
			buildConfigurationList = 843CD1312D60F2BE00333807 /* Build configuration list for PBXNativeTarget "BookingSlotAppTests" */;
			buildPhases = (
				843CD1162D60F2BE00333807 /* Sources */,
				843CD1172D60F2BE00333807 /* Frameworks */,
				843CD1182D60F2BE00333807 /* Resources */,
			);
			buildRules = (
			);
			dependencies = (
				843CD11C2D60F2BE00333807 /* PBXTargetDependency */,
			);
			name = BookingSlotAppTests;
			productName = BookingSlotAppTests;
			productReference = 843CD11A2D60F2BE00333807 /* BookingSlotAppTests.xctest */;
			productType = "com.apple.product-type.bundle.unit-test";
		};
		843CD1232D60F2BE00333807 /* BookingSlotAppUITests */ = {
			isa = PBXNativeTarget;
			buildConfigurationList = 843CD1342D60F2BE00333807 /* Build configuration list for PBXNativeTarget "BookingSlotAppUITests" */;
			buildPhases = (
				843CD1202D60F2BE00333807 /* Sources */,
				843CD1212D60F2BE00333807 /* Frameworks */,
				843CD1222D60F2BE00333807 /* Resources */,
			);
			buildRules = (
			);
			dependencies = (
				843CD1262D60F2BE00333807 /* PBXTargetDependency */,
			);
			name = BookingSlotAppUITests;
			productName = BookingSlotAppUITests;
			productReference = 843CD1242D60F2BE00333807 /* BookingSlotAppUITests.xctest */;
			productType = "com.apple.product-type.bundle.ui-testing";
		};
/* End PBXNativeTarget section */

/* Begin PBXProject section */
		843CD1022D60F2BC00333807 /* Project object */ = {
			isa = PBXProject;
			attributes = {
				BuildIndependentTargetsInParallel = 1;
				LastSwiftUpdateCheck = 1400;
				LastUpgradeCheck = 1400;
				TargetAttributes = {
					843CD1092D60F2BC00333807 = {
						CreatedOnToolsVersion = 14.0.1;
					};
					843CD1192D60F2BE00333807 = {
						CreatedOnToolsVersion = 14.0.1;
						TestTargetID = 843CD1092D60F2BC00333807;
					};
					843CD1232D60F2BE00333807 = {
						CreatedOnToolsVersion = 14.0.1;
						TestTargetID = 843CD1092D60F2BC00333807;
					};
				};
			};
			buildConfigurationList = 843CD1052D60F2BC00333807 /* Build configuration list for PBXProject "BookingSlotApp" */;
			compatibilityVersion = "Xcode 14.0";
			developmentRegion = en;
			hasScannedForEncodings = 0;
			knownRegions = (
				en,
				Base,
			);
			mainGroup = 843CD1012D60F2BC00333807;
			productRefGroup = 843CD10B2D60F2BC00333807 /* Products */;
			projectDirPath = "";
			projectRoot = "";
			targets = (
				843CD1092D60F2BC00333807 /* BookingSlotApp */,
				843CD1192D60F2BE00333807 /* BookingSlotAppTests */,
				843CD1232D60F2BE00333807 /* BookingSlotAppUITests */,
			);
		};
/* End PBXProject section */

/* Begin PBXResourcesBuildPhase section */
		843CD1082D60F2BC00333807 /* Resources */ = {
			isa = PBXResourcesBuildPhase;
			buildActionMask = 2147483647;
			files = (
				843CD1152D60F2BE00333807 /* Preview Assets.xcassets in Resources */,
				843CD1122D60F2BE00333807 /* Assets.xcassets in Resources */,
			);
			runOnlyForDeploymentPostprocessing = 0;
		};
		843CD1182D60F2BE00333807 /* Resources */ = {
			isa = PBXResourcesBuildPhase;
			buildActionMask = 2147483647;
			files = (
			);
			runOnlyForDeploymentPostprocessing = 0;
		};
		843CD1222D60F2BE00333807 /* Resources */ = {
			isa = PBXResourcesBuildPhase;
			buildActionMask = 2147483647;
			files = (
			);
			runOnlyForDeploymentPostprocessing = 0;
		};
/* End PBXResourcesBuildPhase section */

/* Begin PBXSourcesBuildPhase section */
		843CD1062D60F2BC00333807 /* Sources */ = {
			isa = PBXSourcesBuildPhase;
			buildActionMask = 2147483647;
			files = (
				843CD1382D60F2EF00333807 /* RegisterView.swift in Sources */,
				843CD1432D60FB3500333807 /* TechTrackSelectionView.swift in Sources */,
				843CD13A2D60F30700333807 /* LoginView.swift in Sources */,
				843CD1472D60FDAF00333807 /* DashboardView.swift in Sources */,
				843CD1412D60F52C00333807 /* PersistenceController.swift in Sources */,
				843CD14F2D611AF500333807 /* BookingSlotApp.xcdatamodeld in Sources */,
				843CD1452D60FBEC00333807 /* SlotManagementView.swift in Sources */,
				843CD10E2D60F2BC00333807 /* BookingSlotAppApp.swift in Sources */,
			);
			runOnlyForDeploymentPostprocessing = 0;
		};
		843CD1162D60F2BE00333807 /* Sources */ = {
			isa = PBXSourcesBuildPhase;
			buildActionMask = 2147483647;
			files = (
				843CD11F2D60F2BE00333807 /* BookingSlotAppTests.swift in Sources */,
			);
			runOnlyForDeploymentPostprocessing = 0;
		};
		843CD1202D60F2BE00333807 /* Sources */ = {
			isa = PBXSourcesBuildPhase;
			buildActionMask = 2147483647;
			files = (
				843CD12B2D60F2BE00333807 /* BookingSlotAppUITestsLaunchTests.swift in Sources */,
				843CD1292D60F2BE00333807 /* BookingSlotAppUITests.swift in Sources */,
			);
			runOnlyForDeploymentPostprocessing = 0;
		};
/* End PBXSourcesBuildPhase section */

/* Begin PBXTargetDependency section */
		843CD11C2D60F2BE00333807 /* PBXTargetDependency */ = {
			isa = PBXTargetDependency;
			target = 843CD1092D60F2BC00333807 /* BookingSlotApp */;
			targetProxy = 843CD11B2D60F2BE00333807 /* PBXContainerItemProxy */;
		};
		843CD1262D60F2BE00333807 /* PBXTargetDependency */ = {
			isa = PBXTargetDependency;
			target = 843CD1092D60F2BC00333807 /* BookingSlotApp */;
			targetProxy = 843CD1252D60F2BE00333807 /* PBXContainerItemProxy */;
		};
/* End PBXTargetDependency section */

/* Begin XCBuildConfiguration section */
		843CD12C2D60F2BE00333807 /* Debug */ = {
			isa = XCBuildConfiguration;
			buildSettings = {
				ALWAYS_SEARCH_USER_PATHS = NO;
				CLANG_ANALYZER_NONNULL = YES;
				CLANG_ANALYZER_NUMBER_OBJECT_CONVERSION = YES_AGGRESSIVE;
				CLANG_CXX_LANGUAGE_STANDARD = "gnu++20";
				CLANG_ENABLE_MODULES = YES;
				CLANG_ENABLE_OBJC_ARC = YES;
				CLANG_ENABLE_OBJC_WEAK = YES;
				CLANG_WARN_BLOCK_CAPTURE_AUTORELEASING = YES;
				CLANG_WARN_BOOL_CONVERSION = YES;
				CLANG_WARN_COMMA = YES;
				CLANG_WARN_CONSTANT_CONVERSION = YES;
				CLANG_WARN_DEPRECATED_OBJC_IMPLEMENTATIONS = YES;
				CLANG_WARN_DIRECT_OBJC_ISA_USAGE = YES_ERROR;
				CLANG_WARN_DOCUMENTATION_COMMENTS = YES;
				CLANG_WARN_EMPTY_BODY = YES;
				CLANG_WARN_ENUM_CONVERSION = YES;
				CLANG_WARN_INFINITE_RECURSION = YES;
				CLANG_WARN_INT_CONVERSION = YES;
				CLANG_WARN_NON_LITERAL_NULL_CONVERSION = YES;
				CLANG_WARN_OBJC_IMPLICIT_RETAIN_SELF = YES;
				CLANG_WARN_OBJC_LITERAL_CONVERSION = YES;
				CLANG_WARN_OBJC_ROOT_CLASS = YES_ERROR;
				CLANG_WARN_QUOTED_INCLUDE_IN_FRAMEWORK_HEADER = YES;
				CLANG_WARN_RANGE_LOOP_ANALYSIS = YES;
				CLANG_WARN_STRICT_PROTOTYPES = YES;
				CLANG_WARN_SUSPICIOUS_MOVE = YES;
				CLANG_WARN_UNGUARDED_AVAILABILITY = YES_AGGRESSIVE;
				CLANG_WARN_UNREACHABLE_CODE = YES;
				CLANG_WARN__DUPLICATE_METHOD_MATCH = YES;
				COPY_PHASE_STRIP = NO;
				DEBUG_INFORMATION_FORMAT = dwarf;
				ENABLE_STRICT_OBJC_MSGSEND = YES;
				ENABLE_TESTABILITY = YES;
				GCC_C_LANGUAGE_STANDARD = gnu11;
				GCC_DYNAMIC_NO_PIC = NO;
				GCC_NO_COMMON_BLOCKS = YES;
				GCC_OPTIMIZATION_LEVEL = 0;
				GCC_PREPROCESSOR_DEFINITIONS = (
					"DEBUG=1",
					"$(inherited)",
				);
				GCC_WARN_64_TO_32_BIT_CONVERSION = YES;
				GCC_WARN_ABOUT_RETURN_TYPE = YES_ERROR;
				GCC_WARN_UNDECLARED_SELECTOR = YES;
				GCC_WARN_UNINITIALIZED_AUTOS = YES_AGGRESSIVE;
				GCC_WARN_UNUSED_FUNCTION = YES;
				GCC_WARN_UNUSED_VARIABLE = YES;
				IPHONEOS_DEPLOYMENT_TARGET = 16.0;
				MTL_ENABLE_DEBUG_INFO = INCLUDE_SOURCE;
				MTL_FAST_MATH = YES;
				ONLY_ACTIVE_ARCH = YES;
				SDKROOT = iphoneos;
				SWIFT_ACTIVE_COMPILATION_CONDITIONS = DEBUG;
				SWIFT_OPTIMIZATION_LEVEL = "-Onone";
			};
			name = Debug;
		};
		843CD12D2D60F2BE00333807 /* Release */ = {
			isa = XCBuildConfiguration;
			buildSettings = {
				ALWAYS_SEARCH_USER_PATHS = NO;
				CLANG_ANALYZER_NONNULL = YES;
				CLANG_ANALYZER_NUMBER_OBJECT_CONVERSION = YES_AGGRESSIVE;
				CLANG_CXX_LANGUAGE_STANDARD = "gnu++20";
				CLANG_ENABLE_MODULES = YES;
				CLANG_ENABLE_OBJC_ARC = YES;
				CLANG_ENABLE_OBJC_WEAK = YES;
				CLANG_WARN_BLOCK_CAPTURE_AUTORELEASING = YES;
				CLANG_WARN_BOOL_CONVERSION = YES;
				CLANG_WARN_COMMA = YES;
				CLANG_WARN_CONSTANT_CONVERSION = YES;
				CLANG_WARN_DEPRECATED_OBJC_IMPLEMENTATIONS = YES;
				CLANG_WARN_DIRECT_OBJC_ISA_USAGE = YES_ERROR;
				CLANG_WARN_DOCUMENTATION_COMMENTS = YES;
				CLANG_WARN_EMPTY_BODY = YES;
				CLANG_WARN_ENUM_CONVERSION = YES;
				CLANG_WARN_INFINITE_RECURSION = YES;
				CLANG_WARN_INT_CONVERSION = YES;
				CLANG_WARN_NON_LITERAL_NULL_CONVERSION = YES;
				CLANG_WARN_OBJC_IMPLICIT_RETAIN_SELF = YES;
				CLANG_WARN_OBJC_LITERAL_CONVERSION = YES;
				CLANG_WARN_OBJC_ROOT_CLASS = YES_ERROR;
				CLANG_WARN_QUOTED_INCLUDE_IN_FRAMEWORK_HEADER = YES;
				CLANG_WARN_RANGE_LOOP_ANALYSIS = YES;
				CLANG_WARN_STRICT_PROTOTYPES = YES;
				CLANG_WARN_SUSPICIOUS_MOVE = YES;
				CLANG_WARN_UNGUARDED_AVAILABILITY = YES_AGGRESSIVE;
				CLANG_WARN_UNREACHABLE_CODE = YES;
				CLANG_WARN__DUPLICATE_METHOD_MATCH = YES;
				COPY_PHASE_STRIP = NO;
				DEBUG_INFORMATION_FORMAT = "dwarf-with-dsym";
				ENABLE_NS_ASSERTIONS = NO;
				ENABLE_STRICT_OBJC_MSGSEND = YES;
				GCC_C_LANGUAGE_STANDARD = gnu11;
				GCC_NO_COMMON_BLOCKS = YES;
				GCC_WARN_64_TO_32_BIT_CONVERSION = YES;
				GCC_WARN_ABOUT_RETURN_TYPE = YES_ERROR;
				GCC_WARN_UNDECLARED_SELECTOR = YES;
				GCC_WARN_UNINITIALIZED_AUTOS = YES_AGGRESSIVE;
				GCC_WARN_UNUSED_FUNCTION = YES;
				GCC_WARN_UNUSED_VARIABLE = YES;
				IPHONEOS_DEPLOYMENT_TARGET = 16.0;
				MTL_ENABLE_DEBUG_INFO = NO;
				MTL_FAST_MATH = YES;
				SDKROOT = iphoneos;
				SWIFT_COMPILATION_MODE = wholemodule;
				SWIFT_OPTIMIZATION_LEVEL = "-O";
				VALIDATE_PRODUCT = YES;
			};
			name = Release;
		};
		843CD12F2D60F2BE00333807 /* Debug */ = {
			isa = XCBuildConfiguration;
			buildSettings = {
				ASSETCATALOG_COMPILER_APPICON_NAME = AppIcon;
				ASSETCATALOG_COMPILER_GLOBAL_ACCENT_COLOR_NAME = AccentColor;
				CODE_SIGN_STYLE = Automatic;
				CURRENT_PROJECT_VERSION = 1;
				DEVELOPMENT_ASSET_PATHS = "\"BookingSlotApp/Preview Content\"";
				ENABLE_PREVIEWS = YES;
				GENERATE_INFOPLIST_FILE = YES;
				INFOPLIST_KEY_UIApplicationSceneManifest_Generation = YES;
				INFOPLIST_KEY_UIApplicationSupportsIndirectInputEvents = YES;
				INFOPLIST_KEY_UILaunchScreen_Generation = YES;
				INFOPLIST_KEY_UISupportedInterfaceOrientations_iPad = "UIInterfaceOrientationPortrait UIInterfaceOrientationPortraitUpsideDown UIInterfaceOrientationLandscapeLeft UIInterfaceOrientationLandscapeRight";
				INFOPLIST_KEY_UISupportedInterfaceOrientations_iPhone = "UIInterfaceOrientationPortrait UIInterfaceOrientationLandscapeLeft UIInterfaceOrientationLandscapeRight";
				LD_RUNPATH_SEARCH_PATHS = (
					"$(inherited)",
					"@executable_path/Frameworks",
				);
				MARKETING_VERSION = 1.0;
				PRODUCT_BUNDLE_IDENTIFIER = com.example.sampleapp.BookingSlotApp;
				PRODUCT_NAME = "$(TARGET_NAME)";
				SWIFT_EMIT_LOC_STRINGS = YES;
				SWIFT_VERSION = 5.0;
				TARGETED_DEVICE_FAMILY = "1,2";
			};
			name = Debug;
		};
		843CD1302D60F2BE00333807 /* Release */ = {
			isa = XCBuildConfiguration;
			buildSettings = {
				ASSETCATALOG_COMPILER_APPICON_NAME = AppIcon;
				ASSETCATALOG_COMPILER_GLOBAL_ACCENT_COLOR_NAME = AccentColor;
				CODE_SIGN_STYLE = Automatic;
				CURRENT_PROJECT_VERSION = 1;
				DEVELOPMENT_ASSET_PATHS = "\"BookingSlotApp/Preview Content\"";
				ENABLE_PREVIEWS = YES;
				GENERATE_INFOPLIST_FILE = YES;
				INFOPLIST_KEY_UIApplicationSceneManifest_Generation = YES;
				INFOPLIST_KEY_UIApplicationSupportsIndirectInputEvents = YES;
				INFOPLIST_KEY_UILaunchScreen_Generation = YES;
				INFOPLIST_KEY_UISupportedInterfaceOrientations_iPad = "UIInterfaceOrientationPortrait UIInterfaceOrientationPortraitUpsideDown UIInterfaceOrientationLandscapeLeft UIInterfaceOrientationLandscapeRight";
				INFOPLIST_KEY_UISupportedInterfaceOrientations_iPhone = "UIInterfaceOrientationPortrait UIInterfaceOrientationLandscapeLeft UIInterfaceOrientationLandscapeRight";
				LD_RUNPATH_SEARCH_PATHS = (
					"$(inherited)",
					"@executable_path/Frameworks",
				);
				MARKETING_VERSION = 1.0;
				PRODUCT_BUNDLE_IDENTIFIER = com.example.sampleapp.BookingSlotApp;
				PRODUCT_NAME = "$(TARGET_NAME)";
				SWIFT_EMIT_LOC_STRINGS = YES;
				SWIFT_VERSION = 5.0;
				TARGETED_DEVICE_FAMILY = "1,2";
			};
			name = Release;
		};
		843CD1322D60F2BE00333807 /* Debug */ = {
			isa = XCBuildConfiguration;
			buildSettings = {
				ALWAYS_EMBED_SWIFT_STANDARD_LIBRARIES = YES;
				BUNDLE_LOADER = "$(TEST_HOST)";
				CODE_SIGN_STYLE = Automatic;
				CURRENT_PROJECT_VERSION = 1;
				GENERATE_INFOPLIST_FILE = YES;
				IPHONEOS_DEPLOYMENT_TARGET = 16.0;
				MARKETING_VERSION = 1.0;
				PRODUCT_BUNDLE_IDENTIFIER = com.example.sampleapp.BookingSlotAppTests;
				PRODUCT_NAME = "$(TARGET_NAME)";
				SWIFT_EMIT_LOC_STRINGS = NO;
				SWIFT_VERSION = 5.0;
				TARGETED_DEVICE_FAMILY = "1,2";
				TEST_HOST = "$(BUILT_PRODUCTS_DIR)/BookingSlotApp.app/$(BUNDLE_EXECUTABLE_FOLDER_PATH)/BookingSlotApp";
			};
			name = Debug;
		};
		843CD1332D60F2BE00333807 /* Release */ = {
			isa = XCBuildConfiguration;
			buildSettings = {
				ALWAYS_EMBED_SWIFT_STANDARD_LIBRARIES = YES;
				BUNDLE_LOADER = "$(TEST_HOST)";
				CODE_SIGN_STYLE = Automatic;
				CURRENT_PROJECT_VERSION = 1;
				GENERATE_INFOPLIST_FILE = YES;
				IPHONEOS_DEPLOYMENT_TARGET = 16.0;
				MARKETING_VERSION = 1.0;
				PRODUCT_BUNDLE_IDENTIFIER = com.example.sampleapp.BookingSlotAppTests;
				PRODUCT_NAME = "$(TARGET_NAME)";
				SWIFT_EMIT_LOC_STRINGS = NO;
				SWIFT_VERSION = 5.0;
				TARGETED_DEVICE_FAMILY = "1,2";
				TEST_HOST = "$(BUILT_PRODUCTS_DIR)/BookingSlotApp.app/$(BUNDLE_EXECUTABLE_FOLDER_PATH)/BookingSlotApp";
			};
			name = Release;
		};
		843CD1352D60F2BE00333807 /* Debug */ = {
			isa = XCBuildConfiguration;
			buildSettings = {
				ALWAYS_EMBED_SWIFT_STANDARD_LIBRARIES = YES;
				CODE_SIGN_STYLE = Automatic;
				CURRENT_PROJECT_VERSION = 1;
				GENERATE_INFOPLIST_FILE = YES;
				MARKETING_VERSION = 1.0;
				PRODUCT_BUNDLE_IDENTIFIER = com.example.sampleapp.BookingSlotAppUITests;
				PRODUCT_NAME = "$(TARGET_NAME)";
				SWIFT_EMIT_LOC_STRINGS = NO;
				SWIFT_VERSION = 5.0;
				TARGETED_DEVICE_FAMILY = "1,2";
				TEST_TARGET_NAME = BookingSlotApp;
			};
			name = Debug;
		};
		843CD1362D60F2BE00333807 /* Release */ = {
			isa = XCBuildConfiguration;
			buildSettings = {
				ALWAYS_EMBED_SWIFT_STANDARD_LIBRARIES = YES;
				CODE_SIGN_STYLE = Automatic;
				CURRENT_PROJECT_VERSION = 1;
				GENERATE_INFOPLIST_FILE = YES;
				MARKETING_VERSION = 1.0;
				PRODUCT_BUNDLE_IDENTIFIER = com.example.sampleapp.BookingSlotAppUITests;
				PRODUCT_NAME = "$(TARGET_NAME)";
				SWIFT_EMIT_LOC_STRINGS = NO;
				SWIFT_VERSION = 5.0;
				TARGETED_DEVICE_FAMILY = "1,2";
				TEST_TARGET_NAME = BookingSlotApp;
			};
			name = Release;
		};
/* End XCBuildConfiguration section */

/* Begin XCConfigurationList section */
		843CD1052D60F2BC00333807 /* Build configuration list for PBXProject "BookingSlotApp" */ = {
			isa = XCConfigurationList;
			buildConfigurations = (
				843CD12C2D60F2BE00333807 /* Debug */,
				843CD12D2D60F2BE00333807 /* Release */,
			);
			defaultConfigurationIsVisible = 0;
			defaultConfigurationName = Release;
		};
		843CD12E2D60F2BE00333807 /* Build configuration list for PBXNativeTarget "BookingSlotApp" */ = {
			isa = XCConfigurationList;
			buildConfigurations = (
				843CD12F2D60F2BE00333807 /* Debug */,
				843CD1302D60F2BE00333807 /* Release */,
			);
			defaultConfigurationIsVisible = 0;
			defaultConfigurationName = Release;
		};
		843CD1312D60F2BE00333807 /* Build configuration list for PBXNativeTarget "BookingSlotAppTests" */ = {
			isa = XCConfigurationList;
			buildConfigurations = (
				843CD1322D60F2BE00333807 /* Debug */,
				843CD1332D60F2BE00333807 /* Release */,
			);
			defaultConfigurationIsVisible = 0;
			defaultConfigurationName = Release;
		};
		843CD1342D60F2BE00333807 /* Build configuration list for PBXNativeTarget "BookingSlotAppUITests" */ = {
			isa = XCConfigurationList;
			buildConfigurations = (
				843CD1352D60F2BE00333807 /* Debug */,
				843CD1362D60F2BE00333807 /* Release */,
			);
			defaultConfigurationIsVisible = 0;
			defaultConfigurationName = Release;
		};
/* End XCConfigurationList section */

/* Begin XCVersionGroup section */
		843CD14D2D611AF500333807 /* BookingSlotApp.xcdatamodeld */ = {
			isa = XCVersionGroup;
			children = (
				843CD14E2D611AF500333807 /* BookingSlotApp.xcdatamodel */,
			);
			currentVersion = 843CD14E2D611AF500333807 /* BookingSlotApp.xcdatamodel */;
			path = BookingSlotApp.xcdatamodeld;
			sourceTree = "<group>";
			versionGroupType = wrapper.xcdatamodel;
		};
/* End XCVersionGroup section */
	};
	rootObject = 843CD1022D60F2BC00333807 /* Project object */;
}
